
Microsoft Visual Studio Solution File, Format Version 12.00
# Visual Studio 15
VisualStudioVersion = 15.0.26206.0
MinimumVisualStudioVersion = 10.0.40219.1
Project("{9A19103F-16F7-4668-BE54-9A1E7A4F7556}") = "POC.EventGenerator", "POC.EventGenerator\POC.EventGenerator.csproj", "{450A90A5-1502-4CB9-9665-DB7E10594315}"
EndProject
Project("{FAE04EC0-301F-11D3-BF4B-00C04F79EFBC}") = "POC.WebAPI", "POC.WebAPI\POC.WebAPI.csproj", "{33E3903A-44B2-4E19-BF73-B37486022833}"
EndProject
Project("{E53339B2-1760-4266-BCC7-CA923CBCF16C}") = "docker-compose", "docker-compose.dcproj", "{7E384100-382A-4792-80BF-E1C2240BF234}"
EndProject
Project("{FAE04EC0-301F-11D3-BF4B-00C04F79EFBC}") = "POC.Model", "POC.Model\POC.Model.csproj", "{39596E76-76EF-4F81-8777-20EDCACA315D}"
EndProject
Project("{FAE04EC0-301F-11D3-BF4B-00C04F79EFBC}") = "POC.Domain", "POC.Event\POC.Domain.csproj", "{D867D825-7CAE-47F0-93B7-F2BBC60F37AF}"
EndProject
Project("{FAE04EC0-301F-11D3-BF4B-00C04F79EFBC}") = "POC.Utility", "..\POC.Utility\POC.Utility.csproj", "{2F3134BF-ED1C-41EE-A017-D7B7D6D6586E}"
EndProject
Project("{FAE04EC0-301F-11D3-BF4B-00C04F79EFBC}") = "POC.CommandConsumer", "POC.CommandConsumer\POC.CommandConsumer.csproj", "{535A97C9-E9EE-410E-AC33-E7EF541A0BB6}"
EndProject
Project("{FAE04EC0-301F-11D3-BF4B-00C04F79EFBC}") = "POC.Application", "POC.Application\POC.Application.csproj", "{BD148955-931C-4C61-94E8-375A08A30DDB}"
EndProject
Project("{FAE04EC0-301F-11D3-BF4B-00C04F79EFBC}") = "POC.EventSourcing", "POC.EventSourcing\POC.EventSourcing.csproj", "{CBF3CA91-E5EC-4A58-B3E4-4EA6C32AB7E0}"
EndProject
Project("{FAE04EC0-301F-11D3-BF4B-00C04F79EFBC}") = "POC.Data", "POC.Data\POC.Data.csproj", "{F70A427E-6A6F-4C59-B5E3-AA02C9436FEE}"
EndProject
Project("{FAE04EC0-301F-11D3-BF4B-00C04F79EFBC}") = "POC.Events", "POC.Events\POC.Events.csproj", "{B3F32E84-29DB-40EE-8FCE-CAE9805D4AC1}"
EndProject
Project("{FAE04EC0-301F-11D3-BF4B-00C04F79EFBC}") = "POC.Commands", "POC.Commands\POC.Commands.csproj", "{EED27D9B-7196-426B-9C78-16055545247D}"
EndProject
Global
	GlobalSection(SolutionConfigurationPlatforms) = preSolution
		Debug|Any CPU = Debug|Any CPU
		Debug|x64 = Debug|x64
		Debug|x86 = Debug|x86
		Release|Any CPU = Release|Any CPU
		Release|x64 = Release|x64
		Release|x86 = Release|x86
	EndGlobalSection
	GlobalSection(ProjectConfigurationPlatforms) = postSolution
		{450A90A5-1502-4CB9-9665-DB7E10594315}.Debug|Any CPU.ActiveCfg = Debug|Any CPU
		{450A90A5-1502-4CB9-9665-DB7E10594315}.Debug|Any CPU.Build.0 = Debug|Any CPU
		{450A90A5-1502-4CB9-9665-DB7E10594315}.Debug|x64.ActiveCfg = Debug|x64
		{450A90A5-1502-4CB9-9665-DB7E10594315}.Debug|x64.Build.0 = Debug|x64
		{450A90A5-1502-4CB9-9665-DB7E10594315}.Debug|x86.ActiveCfg = Debug|x86
		{450A90A5-1502-4CB9-9665-DB7E10594315}.Debug|x86.Build.0 = Debug|x86
		{450A90A5-1502-4CB9-9665-DB7E10594315}.Release|Any CPU.ActiveCfg = Release|Any CPU
		{450A90A5-1502-4CB9-9665-DB7E10594315}.Release|Any CPU.Build.0 = Release|Any CPU
		{450A90A5-1502-4CB9-9665-DB7E10594315}.Release|x64.ActiveCfg = Release|x64
		{450A90A5-1502-4CB9-9665-DB7E10594315}.Release|x64.Build.0 = Release|x64
		{450A90A5-1502-4CB9-9665-DB7E10594315}.Release|x86.ActiveCfg = Release|x86
		{450A90A5-1502-4CB9-9665-DB7E10594315}.Release|x86.Build.0 = Release|x86
		{33E3903A-44B2-4E19-BF73-B37486022833}.Debug|Any CPU.ActiveCfg = Debug|Any CPU
		{33E3903A-44B2-4E19-BF73-B37486022833}.Debug|Any CPU.Build.0 = Debug|Any CPU
		{33E3903A-44B2-4E19-BF73-B37486022833}.Debug|x64.ActiveCfg = Debug|x64
		{33E3903A-44B2-4E19-BF73-B37486022833}.Debug|x64.Build.0 = Debug|x64
		{33E3903A-44B2-4E19-BF73-B37486022833}.Debug|x86.ActiveCfg = Debug|x86
		{33E3903A-44B2-4E19-BF73-B37486022833}.Debug|x86.Build.0 = Debug|x86
		{33E3903A-44B2-4E19-BF73-B37486022833}.Release|Any CPU.ActiveCfg = Release|Any CPU
		{33E3903A-44B2-4E19-BF73-B37486022833}.Release|Any CPU.Build.0 = Release|Any CPU
		{33E3903A-44B2-4E19-BF73-B37486022833}.Release|x64.ActiveCfg = Release|x64
		{33E3903A-44B2-4E19-BF73-B37486022833}.Release|x64.Build.0 = Release|x64
		{33E3903A-44B2-4E19-BF73-B37486022833}.Release|x86.ActiveCfg = Release|x86
		{33E3903A-44B2-4E19-BF73-B37486022833}.Release|x86.Build.0 = Release|x86
		{7E384100-382A-4792-80BF-E1C2240BF234}.Debug|Any CPU.ActiveCfg = Debug|Any CPU
		{7E384100-382A-4792-80BF-E1C2240BF234}.Debug|Any CPU.Build.0 = Debug|Any CPU
		{7E384100-382A-4792-80BF-E1C2240BF234}.Debug|x64.ActiveCfg = Debug|Any CPU
		{7E384100-382A-4792-80BF-E1C2240BF234}.Debug|x64.Build.0 = Debug|Any CPU
		{7E384100-382A-4792-80BF-E1C2240BF234}.Debug|x86.ActiveCfg = Debug|Any CPU
		{7E384100-382A-4792-80BF-E1C2240BF234}.Debug|x86.Build.0 = Debug|Any CPU
		{7E384100-382A-4792-80BF-E1C2240BF234}.Release|Any CPU.ActiveCfg = Release|Any CPU
		{7E384100-382A-4792-80BF-E1C2240BF234}.Release|Any CPU.Build.0 = Release|Any CPU
		{7E384100-382A-4792-80BF-E1C2240BF234}.Release|x64.ActiveCfg = Release|Any CPU
		{7E384100-382A-4792-80BF-E1C2240BF234}.Release|x64.Build.0 = Release|Any CPU
		{7E384100-382A-4792-80BF-E1C2240BF234}.Release|x86.ActiveCfg = Release|Any CPU
		{7E384100-382A-4792-80BF-E1C2240BF234}.Release|x86.Build.0 = Release|Any CPU
		{39596E76-76EF-4F81-8777-20EDCACA315D}.Debug|Any CPU.ActiveCfg = Debug|Any CPU
		{39596E76-76EF-4F81-8777-20EDCACA315D}.Debug|Any CPU.Build.0 = Debug|Any CPU
		{39596E76-76EF-4F81-8777-20EDCACA315D}.Debug|x64.ActiveCfg = Debug|x64
		{39596E76-76EF-4F81-8777-20EDCACA315D}.Debug|x64.Build.0 = Debug|x64
		{39596E76-76EF-4F81-8777-20EDCACA315D}.Debug|x86.ActiveCfg = Debug|x86
		{39596E76-76EF-4F81-8777-20EDCACA315D}.Debug|x86.Build.0 = Debug|x86
		{39596E76-76EF-4F81-8777-20EDCACA315D}.Release|Any CPU.ActiveCfg = Release|Any CPU
		{39596E76-76EF-4F81-8777-20EDCACA315D}.Release|Any CPU.Build.0 = Release|Any CPU
		{39596E76-76EF-4F81-8777-20EDCACA315D}.Release|x64.ActiveCfg = Release|x64
		{39596E76-76EF-4F81-8777-20EDCACA315D}.Release|x64.Build.0 = Release|x64
		{39596E76-76EF-4F81-8777-20EDCACA315D}.Release|x86.ActiveCfg = Release|x86
		{39596E76-76EF-4F81-8777-20EDCACA315D}.Release|x86.Build.0 = Release|x86
		{D867D825-7CAE-47F0-93B7-F2BBC60F37AF}.Debug|Any CPU.ActiveCfg = Debug|Any CPU
		{D867D825-7CAE-47F0-93B7-F2BBC60F37AF}.Debug|Any CPU.Build.0 = Debug|Any CPU
		{D867D825-7CAE-47F0-93B7-F2BBC60F37AF}.Debug|x64.ActiveCfg = Debug|x64
		{D867D825-7CAE-47F0-93B7-F2BBC60F37AF}.Debug|x64.Build.0 = Debug|x64
		{D867D825-7CAE-47F0-93B7-F2BBC60F37AF}.Debug|x86.ActiveCfg = Debug|x86
		{D867D825-7CAE-47F0-93B7-F2BBC60F37AF}.Debug|x86.Build.0 = Debug|x86
		{D867D825-7CAE-47F0-93B7-F2BBC60F37AF}.Release|Any CPU.ActiveCfg = Release|Any CPU
		{D867D825-7CAE-47F0-93B7-F2BBC60F37AF}.Release|Any CPU.Build.0 = Release|Any CPU
		{D867D825-7CAE-47F0-93B7-F2BBC60F37AF}.Release|x64.ActiveCfg = Release|x64
		{D867D825-7CAE-47F0-93B7-F2BBC60F37AF}.Release|x64.Build.0 = Release|x64
		{D867D825-7CAE-47F0-93B7-F2BBC60F37AF}.Release|x86.ActiveCfg = Release|x86
		{D867D825-7CAE-47F0-93B7-F2BBC60F37AF}.Release|x86.Build.0 = Release|x86
		{2F3134BF-ED1C-41EE-A017-D7B7D6D6586E}.Debug|Any CPU.ActiveCfg = Debug|Any CPU
		{2F3134BF-ED1C-41EE-A017-D7B7D6D6586E}.Debug|Any CPU.Build.0 = Debug|Any CPU
		{2F3134BF-ED1C-41EE-A017-D7B7D6D6586E}.Debug|x64.ActiveCfg = Debug|x64
		{2F3134BF-ED1C-41EE-A017-D7B7D6D6586E}.Debug|x64.Build.0 = Debug|x64
		{2F3134BF-ED1C-41EE-A017-D7B7D6D6586E}.Debug|x86.ActiveCfg = Debug|x86
		{2F3134BF-ED1C-41EE-A017-D7B7D6D6586E}.Debug|x86.Build.0 = Debug|x86
		{2F3134BF-ED1C-41EE-A017-D7B7D6D6586E}.Release|Any CPU.ActiveCfg = Release|Any CPU
		{2F3134BF-ED1C-41EE-A017-D7B7D6D6586E}.Release|Any CPU.Build.0 = Release|Any CPU
		{2F3134BF-ED1C-41EE-A017-D7B7D6D6586E}.Release|x64.ActiveCfg = Release|x64
		{2F3134BF-ED1C-41EE-A017-D7B7D6D6586E}.Release|x64.Build.0 = Release|x64
		{2F3134BF-ED1C-41EE-A017-D7B7D6D6586E}.Release|x86.ActiveCfg = Release|x86
		{2F3134BF-ED1C-41EE-A017-D7B7D6D6586E}.Release|x86.Build.0 = Release|x86
		{535A97C9-E9EE-410E-AC33-E7EF541A0BB6}.Debug|Any CPU.ActiveCfg = Debug|Any CPU
		{535A97C9-E9EE-410E-AC33-E7EF541A0BB6}.Debug|Any CPU.Build.0 = Debug|Any CPU
		{535A97C9-E9EE-410E-AC33-E7EF541A0BB6}.Debug|x64.ActiveCfg = Debug|x64
		{535A97C9-E9EE-410E-AC33-E7EF541A0BB6}.Debug|x64.Build.0 = Debug|x64
		{535A97C9-E9EE-410E-AC33-E7EF541A0BB6}.Debug|x86.ActiveCfg = Debug|x86
		{535A97C9-E9EE-410E-AC33-E7EF541A0BB6}.Debug|x86.Build.0 = Debug|x86
		{535A97C9-E9EE-410E-AC33-E7EF541A0BB6}.Release|Any CPU.ActiveCfg = Release|Any CPU
		{535A97C9-E9EE-410E-AC33-E7EF541A0BB6}.Release|Any CPU.Build.0 = Release|Any CPU
		{535A97C9-E9EE-410E-AC33-E7EF541A0BB6}.Release|x64.ActiveCfg = Release|x64
		{535A97C9-E9EE-410E-AC33-E7EF541A0BB6}.Release|x64.Build.0 = Release|x64
		{535A97C9-E9EE-410E-AC33-E7EF541A0BB6}.Release|x86.ActiveCfg = Release|x86
		{535A97C9-E9EE-410E-AC33-E7EF541A0BB6}.Release|x86.Build.0 = Release|x86
		{BD148955-931C-4C61-94E8-375A08A30DDB}.Debug|Any CPU.ActiveCfg = Debug|Any CPU
		{BD148955-931C-4C61-94E8-375A08A30DDB}.Debug|Any CPU.Build.0 = Debug|Any CPU
		{BD148955-931C-4C61-94E8-375A08A30DDB}.Debug|x64.ActiveCfg = Debug|x64
		{BD148955-931C-4C61-94E8-375A08A30DDB}.Debug|x64.Build.0 = Debug|x64
		{BD148955-931C-4C61-94E8-375A08A30DDB}.Debug|x86.ActiveCfg = Debug|x86
		{BD148955-931C-4C61-94E8-375A08A30DDB}.Debug|x86.Build.0 = Debug|x86
		{BD148955-931C-4C61-94E8-375A08A30DDB}.Release|Any CPU.ActiveCfg = Release|Any CPU
		{BD148955-931C-4C61-94E8-375A08A30DDB}.Release|Any CPU.Build.0 = Release|Any CPU
		{BD148955-931C-4C61-94E8-375A08A30DDB}.Release|x64.ActiveCfg = Release|x64
		{BD148955-931C-4C61-94E8-375A08A30DDB}.Release|x64.Build.0 = Release|x64
		{BD148955-931C-4C61-94E8-375A08A30DDB}.Release|x86.ActiveCfg = Release|x86
		{BD148955-931C-4C61-94E8-375A08A30DDB}.Release|x86.Build.0 = Release|x86
		{CBF3CA91-E5EC-4A58-B3E4-4EA6C32AB7E0}.Debug|Any CPU.ActiveCfg = Debug|Any CPU
		{CBF3CA91-E5EC-4A58-B3E4-4EA6C32AB7E0}.Debug|Any CPU.Build.0 = Debug|Any CPU
		{CBF3CA91-E5EC-4A58-B3E4-4EA6C32AB7E0}.Debug|x64.ActiveCfg = Debug|x64
		{CBF3CA91-E5EC-4A58-B3E4-4EA6C32AB7E0}.Debug|x64.Build.0 = Debug|x64
		{CBF3CA91-E5EC-4A58-B3E4-4EA6C32AB7E0}.Debug|x86.ActiveCfg = Debug|x86
		{CBF3CA91-E5EC-4A58-B3E4-4EA6C32AB7E0}.Debug|x86.Build.0 = Debug|x86
		{CBF3CA91-E5EC-4A58-B3E4-4EA6C32AB7E0}.Release|Any CPU.ActiveCfg = Release|Any CPU
		{CBF3CA91-E5EC-4A58-B3E4-4EA6C32AB7E0}.Release|Any CPU.Build.0 = Release|Any CPU
		{CBF3CA91-E5EC-4A58-B3E4-4EA6C32AB7E0}.Release|x64.ActiveCfg = Release|x64
		{CBF3CA91-E5EC-4A58-B3E4-4EA6C32AB7E0}.Release|x64.Build.0 = Release|x64
		{CBF3CA91-E5EC-4A58-B3E4-4EA6C32AB7E0}.Release|x86.ActiveCfg = Release|x86
		{CBF3CA91-E5EC-4A58-B3E4-4EA6C32AB7E0}.Release|x86.Build.0 = Release|x86
		{F70A427E-6A6F-4C59-B5E3-AA02C9436FEE}.Debug|Any CPU.ActiveCfg = Debug|Any CPU
		{F70A427E-6A6F-4C59-B5E3-AA02C9436FEE}.Debug|Any CPU.Build.0 = Debug|Any CPU
		{F70A427E-6A6F-4C59-B5E3-AA02C9436FEE}.Debug|x64.ActiveCfg = Debug|x64
		{F70A427E-6A6F-4C59-B5E3-AA02C9436FEE}.Debug|x64.Build.0 = Debug|x64
		{F70A427E-6A6F-4C59-B5E3-AA02C9436FEE}.Debug|x86.ActiveCfg = Debug|x86
		{F70A427E-6A6F-4C59-B5E3-AA02C9436FEE}.Debug|x86.Build.0 = Debug|x86
		{F70A427E-6A6F-4C59-B5E3-AA02C9436FEE}.Release|Any CPU.ActiveCfg = Release|Any CPU
		{F70A427E-6A6F-4C59-B5E3-AA02C9436FEE}.Release|Any CPU.Build.0 = Release|Any CPU
		{F70A427E-6A6F-4C59-B5E3-AA02C9436FEE}.Release|x64.ActiveCfg = Release|x64
		{F70A427E-6A6F-4C59-B5E3-AA02C9436FEE}.Release|x64.Build.0 = Release|x64
		{F70A427E-6A6F-4C59-B5E3-AA02C9436FEE}.Release|x86.ActiveCfg = Release|x86
		{F70A427E-6A6F-4C59-B5E3-AA02C9436FEE}.Release|x86.Build.0 = Release|x86
		{B3F32E84-29DB-40EE-8FCE-CAE9805D4AC1}.Debug|Any CPU.ActiveCfg = Debug|Any CPU
		{B3F32E84-29DB-40EE-8FCE-CAE9805D4AC1}.Debug|Any CPU.Build.0 = Debug|Any CPU
		{B3F32E84-29DB-40EE-8FCE-CAE9805D4AC1}.Debug|x64.ActiveCfg = Debug|x64
		{B3F32E84-29DB-40EE-8FCE-CAE9805D4AC1}.Debug|x64.Build.0 = Debug|x64
		{B3F32E84-29DB-40EE-8FCE-CAE9805D4AC1}.Debug|x86.ActiveCfg = Debug|x86
		{B3F32E84-29DB-40EE-8FCE-CAE9805D4AC1}.Debug|x86.Build.0 = Debug|x86
		{B3F32E84-29DB-40EE-8FCE-CAE9805D4AC1}.Release|Any CPU.ActiveCfg = Release|Any CPU
		{B3F32E84-29DB-40EE-8FCE-CAE9805D4AC1}.Release|Any CPU.Build.0 = Release|Any CPU
		{B3F32E84-29DB-40EE-8FCE-CAE9805D4AC1}.Release|x64.ActiveCfg = Release|x64
		{B3F32E84-29DB-40EE-8FCE-CAE9805D4AC1}.Release|x64.Build.0 = Release|x64
		{B3F32E84-29DB-40EE-8FCE-CAE9805D4AC1}.Release|x86.ActiveCfg = Release|x86
		{B3F32E84-29DB-40EE-8FCE-CAE9805D4AC1}.Release|x86.Build.0 = Release|x86
		{EED27D9B-7196-426B-9C78-16055545247D}.Debug|Any CPU.ActiveCfg = Debug|Any CPU
		{EED27D9B-7196-426B-9C78-16055545247D}.Debug|Any CPU.Build.0 = Debug|Any CPU
		{EED27D9B-7196-426B-9C78-16055545247D}.Debug|x64.ActiveCfg = Debug|x64
		{EED27D9B-7196-426B-9C78-16055545247D}.Debug|x64.Build.0 = Debug|x64
		{EED27D9B-7196-426B-9C78-16055545247D}.Debug|x86.ActiveCfg = Debug|x86
		{EED27D9B-7196-426B-9C78-16055545247D}.Debug|x86.Build.0 = Debug|x86
		{EED27D9B-7196-426B-9C78-16055545247D}.Release|Any CPU.ActiveCfg = Release|Any CPU
		{EED27D9B-7196-426B-9C78-16055545247D}.Release|Any CPU.Build.0 = Release|Any CPU
		{EED27D9B-7196-426B-9C78-16055545247D}.Release|x64.ActiveCfg = Release|x64
		{EED27D9B-7196-426B-9C78-16055545247D}.Release|x64.Build.0 = Release|x64
		{EED27D9B-7196-426B-9C78-16055545247D}.Release|x86.ActiveCfg = Release|x86
		{EED27D9B-7196-426B-9C78-16055545247D}.Release|x86.Build.0 = Release|x86
	EndGlobalSection
	GlobalSection(SolutionProperties) = preSolution
		HideSolutionNode = FALSE
	EndGlobalSection
EndGlobal
